
Microsoft Visual Studio Solution File, Format Version 12.00
# Visual Studio Version 16
VisualStudioVersion = 16.0.29609.76
MinimumVisualStudioVersion = 10.0.40219.1
Project("{FAE04EC0-301F-11D3-BF4B-00C04F79EFBC}") = "Mp3 opt", "Mp3 opt.csproj", "{8B57EDC5-0827-4583-BB18-55647219BA99}"
EndProject
Global
	GlobalSection(SolutionConfigurationPlatforms) = preSolution
		Debug|Any CPU = Debug|Any CPU
		Release|Any CPU = Release|Any CPU
	EndGlobalSection
	GlobalSection(ProjectConfigurationPlatforms) = postSolution
		{8B57EDC5-0827-4583-BB18-55647219BA99}.Debug|Any CPU.ActiveCfg = Debug|Any CPU
		{8B57EDC5-0827-4583-BB18-55647219BA99}.Debug|Any CPU.Build.0 = Debug|Any CPU
		{8B57EDC5-0827-4583-BB18-55647219BA99}.Release|Any CPU.ActiveCfg = Release|Any CPU
		{8B57EDC5-0827-4583-BB18-55647219BA99}.Release|Any CPU.Build.0 = Release|Any CPU
	EndGlobalSection
	GlobalSection(SolutionProperties) = preSolution
		HideSolutionNode = FALSE
	EndGlobalSection
	GlobalSection(ExtensibilityGlobals) = postSolution
		SolutionGuid = {999E62C3-C4D6-46A2-8359-FCB4A22DE1BC}
	EndGlobalSection
EndGlobal
